
Microsoft Visual Studio Solution File, Format Version 12.00
# Visual Studio 15
VisualStudioVersion = 15.0.28010.2041
MinimumVisualStudioVersion = 10.0.40219.1
Project("{FAE04EC0-301F-11D3-BF4B-00C04F79EFBC}") = "FootballProject", "FootballProject\FootballProject.csproj", "{C34B6138-FED2-441B-8239-DA48C39E6F48}"
EndProject
Project("{FAE04EC0-301F-11D3-BF4B-00C04F79EFBC}") = "DataAccessLayer", "DataAccessLayer\DataAccessLayer.csproj", "{D5191CCB-CF15-45C6-8327-94CDE7366B78}"
EndProject
Project("{FAE04EC0-301F-11D3-BF4B-00C04F79EFBC}") = "BusniessLayer", "BusniessLayer\BusniessLayer.csproj", "{72982552-DE05-44A5-A471-4122D06B049D}"
EndProject
Global
	GlobalSection(SolutionConfigurationPlatforms) = preSolution
		Debug|Any CPU = Debug|Any CPU
		Release|Any CPU = Release|Any CPU
	EndGlobalSection
	GlobalSection(ProjectConfigurationPlatforms) = postSolution
		{C34B6138-FED2-441B-8239-DA48C39E6F48}.Debug|Any CPU.ActiveCfg = Debug|Any CPU
		{C34B6138-FED2-441B-8239-DA48C39E6F48}.Debug|Any CPU.Build.0 = Debug|Any CPU
		{C34B6138-FED2-441B-8239-DA48C39E6F48}.Release|Any CPU.ActiveCfg = Release|Any CPU
		{C34B6138-FED2-441B-8239-DA48C39E6F48}.Release|Any CPU.Build.0 = Release|Any CPU
		{D5191CCB-CF15-45C6-8327-94CDE7366B78}.Debug|Any CPU.ActiveCfg = Debug|Any CPU
		{D5191CCB-CF15-45C6-8327-94CDE7366B78}.Debug|Any CPU.Build.0 = Debug|Any CPU
		{D5191CCB-CF15-45C6-8327-94CDE7366B78}.Release|Any CPU.ActiveCfg = Release|Any CPU
		{D5191CCB-CF15-45C6-8327-94CDE7366B78}.Release|Any CPU.Build.0 = Release|Any CPU
		{72982552-DE05-44A5-A471-4122D06B049D}.Debug|Any CPU.ActiveCfg = Debug|Any CPU
		{72982552-DE05-44A5-A471-4122D06B049D}.Debug|Any CPU.Build.0 = Debug|Any CPU
		{72982552-DE05-44A5-A471-4122D06B049D}.Release|Any CPU.ActiveCfg = Release|Any CPU
		{72982552-DE05-44A5-A471-4122D06B049D}.Release|Any CPU.Build.0 = Release|Any CPU
	EndGlobalSection
	GlobalSection(SolutionProperties) = preSolution
		HideSolutionNode = FALSE
	EndGlobalSection
	GlobalSection(ExtensibilityGlobals) = postSolution
		SolutionGuid = {8D81C7B1-AFDD-4E14-8EEB-01A475A2E0AA}
	EndGlobalSection
EndGlobal
